
Microsoft Visual Studio Solution File, Format Version 11.00
# Visual Studio 2010
Project("{FAE04EC0-301F-11D3-BF4B-00C04F79EFBC}") = "ValTextPairProcessor", "FizzBuzz\ValTextPairProcessor.csproj", "{B86AD3DA-2F5A-49D7-8B03-A59F3D780410}"
EndProject
Project("{FAE04EC0-301F-11D3-BF4B-00C04F79EFBC}") = "ValTextPair", "FizzBuzzDLL\ValTextPair.csproj", "{3759DCA2-32E6-408D-9FDA-634282282190}"
EndProject
Project("{FAE04EC0-301F-11D3-BF4B-00C04F79EFBC}") = "ValTextPairTest", "ValTextPairTest\ValTextPairTest.csproj", "{2AE0FC09-8BD6-44FA-92A3-7CC30032DCAE}"
EndProject
Project("{2150E333-8FDC-42A3-9474-1A3956D46DE8}") = "Solution Items", "Solution Items", "{BB3C0997-F62B-4276-896F-A46B76410AB4}"
	ProjectSection(SolutionItems) = preProject
		FizzBuzz.vsmdi = FizzBuzz.vsmdi
		Local.testsettings = Local.testsettings
		TraceAndTestImpact.testsettings = TraceAndTestImpact.testsettings
	EndProjectSection
EndProject
Global
	GlobalSection(TestCaseManagementSettings) = postSolution
		CategoryFile = FizzBuzz.vsmdi
	EndGlobalSection
	GlobalSection(SolutionConfigurationPlatforms) = preSolution
		Debug|Any CPU = Debug|Any CPU
		Debug|Mixed Platforms = Debug|Mixed Platforms
		Debug|x86 = Debug|x86
		Release|Any CPU = Release|Any CPU
		Release|Mixed Platforms = Release|Mixed Platforms
		Release|x86 = Release|x86
	EndGlobalSection
	GlobalSection(ProjectConfigurationPlatforms) = postSolution
		{B86AD3DA-2F5A-49D7-8B03-A59F3D780410}.Debug|Any CPU.ActiveCfg = Debug|x86
		{B86AD3DA-2F5A-49D7-8B03-A59F3D780410}.Debug|Mixed Platforms.ActiveCfg = Debug|x86
		{B86AD3DA-2F5A-49D7-8B03-A59F3D780410}.Debug|Mixed Platforms.Build.0 = Debug|x86
		{B86AD3DA-2F5A-49D7-8B03-A59F3D780410}.Debug|x86.ActiveCfg = Debug|x86
		{B86AD3DA-2F5A-49D7-8B03-A59F3D780410}.Debug|x86.Build.0 = Debug|x86
		{B86AD3DA-2F5A-49D7-8B03-A59F3D780410}.Release|Any CPU.ActiveCfg = Release|x86
		{B86AD3DA-2F5A-49D7-8B03-A59F3D780410}.Release|Mixed Platforms.ActiveCfg = Release|x86
		{B86AD3DA-2F5A-49D7-8B03-A59F3D780410}.Release|Mixed Platforms.Build.0 = Release|x86
		{B86AD3DA-2F5A-49D7-8B03-A59F3D780410}.Release|x86.ActiveCfg = Release|x86
		{B86AD3DA-2F5A-49D7-8B03-A59F3D780410}.Release|x86.Build.0 = Release|x86
		{3759DCA2-32E6-408D-9FDA-634282282190}.Debug|Any CPU.ActiveCfg = Debug|Any CPU
		{3759DCA2-32E6-408D-9FDA-634282282190}.Debug|Any CPU.Build.0 = Debug|Any CPU
		{3759DCA2-32E6-408D-9FDA-634282282190}.Debug|Mixed Platforms.ActiveCfg = Debug|Any CPU
		{3759DCA2-32E6-408D-9FDA-634282282190}.Debug|Mixed Platforms.Build.0 = Debug|Any CPU
		{3759DCA2-32E6-408D-9FDA-634282282190}.Debug|x86.ActiveCfg = Debug|Any CPU
		{3759DCA2-32E6-408D-9FDA-634282282190}.Release|Any CPU.ActiveCfg = Release|Any CPU
		{3759DCA2-32E6-408D-9FDA-634282282190}.Release|Any CPU.Build.0 = Release|Any CPU
		{3759DCA2-32E6-408D-9FDA-634282282190}.Release|Mixed Platforms.ActiveCfg = Release|Any CPU
		{3759DCA2-32E6-408D-9FDA-634282282190}.Release|Mixed Platforms.Build.0 = Release|Any CPU
		{3759DCA2-32E6-408D-9FDA-634282282190}.Release|x86.ActiveCfg = Release|Any CPU
		{2AE0FC09-8BD6-44FA-92A3-7CC30032DCAE}.Debug|Any CPU.ActiveCfg = Debug|Any CPU
		{2AE0FC09-8BD6-44FA-92A3-7CC30032DCAE}.Debug|Any CPU.Build.0 = Debug|Any CPU
		{2AE0FC09-8BD6-44FA-92A3-7CC30032DCAE}.Debug|Mixed Platforms.ActiveCfg = Debug|Any CPU
		{2AE0FC09-8BD6-44FA-92A3-7CC30032DCAE}.Debug|Mixed Platforms.Build.0 = Debug|Any CPU
		{2AE0FC09-8BD6-44FA-92A3-7CC30032DCAE}.Debug|x86.ActiveCfg = Debug|Any CPU
		{2AE0FC09-8BD6-44FA-92A3-7CC30032DCAE}.Release|Any CPU.ActiveCfg = Release|Any CPU
		{2AE0FC09-8BD6-44FA-92A3-7CC30032DCAE}.Release|Any CPU.Build.0 = Release|Any CPU
		{2AE0FC09-8BD6-44FA-92A3-7CC30032DCAE}.Release|Mixed Platforms.ActiveCfg = Release|Any CPU
		{2AE0FC09-8BD6-44FA-92A3-7CC30032DCAE}.Release|Mixed Platforms.Build.0 = Release|Any CPU
		{2AE0FC09-8BD6-44FA-92A3-7CC30032DCAE}.Release|x86.ActiveCfg = Release|Any CPU
	EndGlobalSection
	GlobalSection(SolutionProperties) = preSolution
		HideSolutionNode = FALSE
	EndGlobalSection
EndGlobal
